
Microsoft Visual Studio Solution File, Format Version 12.00
# Visual Studio Version 17
VisualStudioVersion = 17.3.32929.385
MinimumVisualStudioVersion = 10.0.40219.1
Project("{FAE04EC0-301F-11D3-BF4B-00C04F79EFBC}") = "Projekt_zespolowy", "Projekt_zespolowy.csproj", "{FC266A72-7F44-4C84-B5FE-844D6EE5CF2D}"
EndProject
Global
	GlobalSection(SolutionConfigurationPlatforms) = preSolution
		Debug|Any CPU = Debug|Any CPU
		Release|Any CPU = Release|Any CPU
	EndGlobalSection
	GlobalSection(ProjectConfigurationPlatforms) = postSolution
		{FC266A72-7F44-4C84-B5FE-844D6EE5CF2D}.Debug|Any CPU.ActiveCfg = Debug|Any CPU
		{FC266A72-7F44-4C84-B5FE-844D6EE5CF2D}.Debug|Any CPU.Build.0 = Debug|Any CPU
		{FC266A72-7F44-4C84-B5FE-844D6EE5CF2D}.Release|Any CPU.ActiveCfg = Release|Any CPU
		{FC266A72-7F44-4C84-B5FE-844D6EE5CF2D}.Release|Any CPU.Build.0 = Release|Any CPU
	EndGlobalSection
	GlobalSection(SolutionProperties) = preSolution
		HideSolutionNode = FALSE
	EndGlobalSection
	GlobalSection(ExtensibilityGlobals) = postSolution
		SolutionGuid = {77DFCE79-47CE-4F74-B30D-F62FD76A367E}
	EndGlobalSection
EndGlobal
